# This file is automatically @generated by Cargo.
# It is not intended for manual editing.
version = 4

[[package]]
name = "tie"
version = "0.1.0"
dependencies = [
 "tie-llvm",
 "tie-prep",
]

[[package]]
name = "tie-ast"
version = "0.1.0"

[[package]]
name = "tie-cli"
version = "0.1.0"
dependencies = [
 "tie-interp",
]

[[package]]
name = "tie-interp"
version = "0.1.0"
dependencies = [
 "tie-ast",
 "tie-parser",
]

[[package]]
name = "tie-lexer"
version = "0.1.0"

[[package]]
name = "tie-llvm"
version = "0.1.0"
dependencies = [
 "tie-prep",
]

[[package]]
name = "tie-parser"
version = "0.1.0"
dependencies = [
 "tie-ast",
 "tie-lexer",
]

[[package]]
name = "tie-prep"
version = "0.1.0"
